
Microsoft Visual Studio Solution File, Format Version 12.00
# Visual Studio Version 16
VisualStudioVersion = 16.0.31019.35
MinimumVisualStudioVersion = 10.0.40219.1
Project("{FAE04EC0-301F-11D3-BF4B-00C04F79EFBC}") = "BookingApp", "BookingApp\BookingApp.csproj", "{36FA1B4C-190A-47A7-8E93-E387E6D8F217}"
EndProject
Global
	GlobalSection(SolutionConfigurationPlatforms) = preSolution
		Debug|Any CPU = Debug|Any CPU
		Release|Any CPU = Release|Any CPU
	EndGlobalSection
	GlobalSection(ProjectConfigurationPlatforms) = postSolution
		{36FA1B4C-190A-47A7-8E93-E387E6D8F217}.Debug|Any CPU.ActiveCfg = Debug|Any CPU
		{36FA1B4C-190A-47A7-8E93-E387E6D8F217}.Debug|Any CPU.Build.0 = Debug|Any CPU
		{36FA1B4C-190A-47A7-8E93-E387E6D8F217}.Release|Any CPU.ActiveCfg = Release|Any CPU
		{36FA1B4C-190A-47A7-8E93-E387E6D8F217}.Release|Any CPU.Build.0 = Release|Any CPU
	EndGlobalSection
	GlobalSection(SolutionProperties) = preSolution
		HideSolutionNode = FALSE
	EndGlobalSection
	GlobalSection(ExtensibilityGlobals) = postSolution
		SolutionGuid = {02E700D0-36DB-4890-8AE7-EF129E8B35A7}
	EndGlobalSection
EndGlobal
